
Microsoft Visual Studio Solution File, Format Version 12.00
# Visual Studio 2012
Project("{FAE04EC0-301F-11D3-BF4B-00C04F79EFBC}") = "Fop2DD", "Fop2DD\Fop2DD.csproj", "{0A68BB4A-8A2F-4D34-A2B8-15DE6D194F73}"
EndProject
Project("{2150E333-8FDC-42A3-9474-1A3956D46DE8}") = ".nuget", ".nuget", "{AFFD7B4F-0328-420B-A511-3A044201509D}"
	ProjectSection(SolutionItems) = preProject
		.nuget\NuGet.Config = .nuget\NuGet.Config
		.nuget\NuGet.exe = .nuget\NuGet.exe
		.nuget\NuGet.targets = .nuget\NuGet.targets
	EndProjectSection
EndProject
Project("{FAE04EC0-301F-11D3-BF4B-00C04F79EFBC}") = "Fop2ClientLib", "Fop2ClientLib\Fop2ClientLib.csproj", "{B595D6D7-5887-47A2-8515-CCC5A5ED7DE1}"
EndProject
Project("{2150E333-8FDC-42A3-9474-1A3956D46DE8}") = "Solution Items", "Solution Items", "{D70FA601-B5B7-491A-A7D7-A3256D02F5EE}"
	ProjectSection(SolutionItems) = preProject
		Fop2ClientLib\Fop2Client.nuspec = Fop2ClientLib\Fop2Client.nuspec
		Fop2ClientLib\Fop2Client.shfbproj = Fop2ClientLib\Fop2Client.shfbproj
		README.txt = README.txt
	EndProjectSection
EndProject
Global
	GlobalSection(TeamFoundationVersionControl) = preSolution
		SccNumberOfProjects = 3
		SccEnterpriseProvider = {4CA58AB2-18FA-4F8D-95D4-32DDF27D184C}
		SccTeamFoundationServer = https://tfs.codeplex.com/tfs/tfs34
		SccProjectUniqueName0 = Fop2ClientLib\\Fop2ClientLib.csproj
		SccProjectName0 = Fop2ClientLib
		SccLocalPath0 = Fop2ClientLib
		SccProjectUniqueName1 = Fop2DD\\Fop2DD.csproj
		SccProjectName1 = Fop2DD
		SccLocalPath1 = Fop2DD
		SccLocalPath2 = .
	EndGlobalSection
	GlobalSection(SolutionConfigurationPlatforms) = preSolution
		Debug|Any CPU = Debug|Any CPU
		Release|Any CPU = Release|Any CPU
	EndGlobalSection
	GlobalSection(ProjectConfigurationPlatforms) = postSolution
		{0A68BB4A-8A2F-4D34-A2B8-15DE6D194F73}.Debug|Any CPU.ActiveCfg = Debug|Any CPU
		{0A68BB4A-8A2F-4D34-A2B8-15DE6D194F73}.Debug|Any CPU.Build.0 = Debug|Any CPU
		{0A68BB4A-8A2F-4D34-A2B8-15DE6D194F73}.Release|Any CPU.ActiveCfg = Release|Any CPU
		{0A68BB4A-8A2F-4D34-A2B8-15DE6D194F73}.Release|Any CPU.Build.0 = Release|Any CPU
		{B595D6D7-5887-47A2-8515-CCC5A5ED7DE1}.Debug|Any CPU.ActiveCfg = Debug|Any CPU
		{B595D6D7-5887-47A2-8515-CCC5A5ED7DE1}.Debug|Any CPU.Build.0 = Debug|Any CPU
		{B595D6D7-5887-47A2-8515-CCC5A5ED7DE1}.Release|Any CPU.ActiveCfg = Release|Any CPU
		{B595D6D7-5887-47A2-8515-CCC5A5ED7DE1}.Release|Any CPU.Build.0 = Release|Any CPU
	EndGlobalSection
	GlobalSection(SolutionProperties) = preSolution
		HideSolutionNode = FALSE
	EndGlobalSection
EndGlobal
